
Microsoft Visual Studio Solution File, Format Version 12.00
# Visual Studio Version 16
VisualStudioVersion = 16.0.30413.136
MinimumVisualStudioVersion = 10.0.40219.1
Project("{9A19103F-16F7-4668-BE54-9A1E7A4F7556}") = "EvenLines", "EvenLines\EvenLines.csproj", "{FF314984-37D0-4B4F-94FF-747282289E1A}"
EndProject
Project("{9A19103F-16F7-4668-BE54-9A1E7A4F7556}") = "LineNumbers", "LineNumbers\LineNumbers.csproj", "{E71F6C46-B46C-4A63-B7C1-FD501CADF6E7}"
EndProject
Project("{9A19103F-16F7-4668-BE54-9A1E7A4F7556}") = "WordCount", "WordCount\WordCount.csproj", "{66521B4F-1637-479E-8539-1DB1DB29C4B3}"
EndProject
Project("{9A19103F-16F7-4668-BE54-9A1E7A4F7556}") = "CopyBinaryFile", "CopyBinaryFile\CopyBinaryFile.csproj", "{E9D85A76-62DA-43D1-AC49-683D47BB9889}"
EndProject
Project("{9A19103F-16F7-4668-BE54-9A1E7A4F7556}") = "DirectoryTraversal", "DirectoryTraversal\DirectoryTraversal.csproj", "{E7429791-69D3-472E-AAE6-B73BFF8733A4}"
EndProject
Project("{FAE04EC0-301F-11D3-BF4B-00C04F79EFBC}") = "ZipAndExtract", "ZipAndExtract\ZipAndExtract.csproj", "{12383D0A-8C9B-4E43-ABD9-BC8F8C64624B}"
EndProject
Global
	GlobalSection(SolutionConfigurationPlatforms) = preSolution
		Debug|Any CPU = Debug|Any CPU
		Release|Any CPU = Release|Any CPU
	EndGlobalSection
	GlobalSection(ProjectConfigurationPlatforms) = postSolution
		{FF314984-37D0-4B4F-94FF-747282289E1A}.Debug|Any CPU.ActiveCfg = Debug|Any CPU
		{FF314984-37D0-4B4F-94FF-747282289E1A}.Debug|Any CPU.Build.0 = Debug|Any CPU
		{FF314984-37D0-4B4F-94FF-747282289E1A}.Release|Any CPU.ActiveCfg = Release|Any CPU
		{FF314984-37D0-4B4F-94FF-747282289E1A}.Release|Any CPU.Build.0 = Release|Any CPU
		{E71F6C46-B46C-4A63-B7C1-FD501CADF6E7}.Debug|Any CPU.ActiveCfg = Debug|Any CPU
		{E71F6C46-B46C-4A63-B7C1-FD501CADF6E7}.Debug|Any CPU.Build.0 = Debug|Any CPU
		{E71F6C46-B46C-4A63-B7C1-FD501CADF6E7}.Release|Any CPU.ActiveCfg = Release|Any CPU
		{E71F6C46-B46C-4A63-B7C1-FD501CADF6E7}.Release|Any CPU.Build.0 = Release|Any CPU
		{66521B4F-1637-479E-8539-1DB1DB29C4B3}.Debug|Any CPU.ActiveCfg = Debug|Any CPU
		{66521B4F-1637-479E-8539-1DB1DB29C4B3}.Debug|Any CPU.Build.0 = Debug|Any CPU
		{66521B4F-1637-479E-8539-1DB1DB29C4B3}.Release|Any CPU.ActiveCfg = Release|Any CPU
		{66521B4F-1637-479E-8539-1DB1DB29C4B3}.Release|Any CPU.Build.0 = Release|Any CPU
		{E9D85A76-62DA-43D1-AC49-683D47BB9889}.Debug|Any CPU.ActiveCfg = Debug|Any CPU
		{E9D85A76-62DA-43D1-AC49-683D47BB9889}.Debug|Any CPU.Build.0 = Debug|Any CPU
		{E9D85A76-62DA-43D1-AC49-683D47BB9889}.Release|Any CPU.ActiveCfg = Release|Any CPU
		{E9D85A76-62DA-43D1-AC49-683D47BB9889}.Release|Any CPU.Build.0 = Release|Any CPU
		{E7429791-69D3-472E-AAE6-B73BFF8733A4}.Debug|Any CPU.ActiveCfg = Debug|Any CPU
		{E7429791-69D3-472E-AAE6-B73BFF8733A4}.Debug|Any CPU.Build.0 = Debug|Any CPU
		{E7429791-69D3-472E-AAE6-B73BFF8733A4}.Release|Any CPU.ActiveCfg = Release|Any CPU
		{E7429791-69D3-472E-AAE6-B73BFF8733A4}.Release|Any CPU.Build.0 = Release|Any CPU
		{12383D0A-8C9B-4E43-ABD9-BC8F8C64624B}.Debug|Any CPU.ActiveCfg = Debug|Any CPU
		{12383D0A-8C9B-4E43-ABD9-BC8F8C64624B}.Debug|Any CPU.Build.0 = Debug|Any CPU
		{12383D0A-8C9B-4E43-ABD9-BC8F8C64624B}.Release|Any CPU.ActiveCfg = Release|Any CPU
		{12383D0A-8C9B-4E43-ABD9-BC8F8C64624B}.Release|Any CPU.Build.0 = Release|Any CPU
	EndGlobalSection
	GlobalSection(SolutionProperties) = preSolution
		HideSolutionNode = FALSE
	EndGlobalSection
	GlobalSection(ExtensibilityGlobals) = postSolution
		SolutionGuid = {905BF7CA-DE8A-4BD6-AC00-B9F7A818C8BF}
	EndGlobalSection
EndGlobal
