
Microsoft Visual Studio Solution File, Format Version 12.00
# Visual Studio Version 16
VisualStudioVersion = 16.0.30413.136
MinimumVisualStudioVersion = 10.0.40219.1
Project("{9A19103F-16F7-4668-BE54-9A1E7A4F7556}") = "CustomList", "CustomList\CustomList.csproj", "{5117A22F-4002-4845-91B8-A964756C5B59}"
EndProject
Project("{FAE04EC0-301F-11D3-BF4B-00C04F79EFBC}") = "CustomStack", "CustomStack\CustomStack.csproj", "{30A3AC21-F7AC-4AF6-881C-AE6C03B4DC61}"
EndProject
Global
	GlobalSection(SolutionConfigurationPlatforms) = preSolution
		Debug|Any CPU = Debug|Any CPU
		Release|Any CPU = Release|Any CPU
	EndGlobalSection
	GlobalSection(ProjectConfigurationPlatforms) = postSolution
		{5117A22F-4002-4845-91B8-A964756C5B59}.Debug|Any CPU.ActiveCfg = Debug|Any CPU
		{5117A22F-4002-4845-91B8-A964756C5B59}.Debug|Any CPU.Build.0 = Debug|Any CPU
		{5117A22F-4002-4845-91B8-A964756C5B59}.Release|Any CPU.ActiveCfg = Release|Any CPU
		{5117A22F-4002-4845-91B8-A964756C5B59}.Release|Any CPU.Build.0 = Release|Any CPU
		{30A3AC21-F7AC-4AF6-881C-AE6C03B4DC61}.Debug|Any CPU.ActiveCfg = Debug|Any CPU
		{30A3AC21-F7AC-4AF6-881C-AE6C03B4DC61}.Debug|Any CPU.Build.0 = Debug|Any CPU
		{30A3AC21-F7AC-4AF6-881C-AE6C03B4DC61}.Release|Any CPU.ActiveCfg = Release|Any CPU
		{30A3AC21-F7AC-4AF6-881C-AE6C03B4DC61}.Release|Any CPU.Build.0 = Release|Any CPU
	EndGlobalSection
	GlobalSection(SolutionProperties) = preSolution
		HideSolutionNode = FALSE
	EndGlobalSection
	GlobalSection(ExtensibilityGlobals) = postSolution
		SolutionGuid = {E75F0729-59DA-4339-A21B-D3CA58C92DA1}
	EndGlobalSection
EndGlobal
