
Microsoft Visual Studio Solution File, Format Version 12.00
# Visual Studio Version 16
VisualStudioVersion = 16.0.30413.136
MinimumVisualStudioVersion = 10.0.40219.1
Project("{9A19103F-16F7-4668-BE54-9A1E7A4F7556}") = "ClassBoxData", "ClassBoxData\ClassBoxData.csproj", "{28AEE565-2A21-4442-B9FE-B4ED8F93CC65}"
EndProject
Project("{9A19103F-16F7-4668-BE54-9A1E7A4F7556}") = "AnimalFarm", "AnimalFarm\AnimalFarm.csproj", "{24C4D44E-77EE-490D-877E-6A6E24638FA2}"
EndProject
Project("{9A19103F-16F7-4668-BE54-9A1E7A4F7556}") = "ShoppingSpree", "ShoppingSpree\ShoppingSpree.csproj", "{90FE98FA-4107-417F-B704-AC06E1813170}"
EndProject
Project("{FAE04EC0-301F-11D3-BF4B-00C04F79EFBC}") = "PizzaCalories", "PizzaCalories\PizzaCalories.csproj", "{CE3483C9-0BE6-46D5-99D2-A142D4D70535}"
EndProject
Global
	GlobalSection(SolutionConfigurationPlatforms) = preSolution
		Debug|Any CPU = Debug|Any CPU
		Release|Any CPU = Release|Any CPU
	EndGlobalSection
	GlobalSection(ProjectConfigurationPlatforms) = postSolution
		{28AEE565-2A21-4442-B9FE-B4ED8F93CC65}.Debug|Any CPU.ActiveCfg = Debug|Any CPU
		{28AEE565-2A21-4442-B9FE-B4ED8F93CC65}.Debug|Any CPU.Build.0 = Debug|Any CPU
		{28AEE565-2A21-4442-B9FE-B4ED8F93CC65}.Release|Any CPU.ActiveCfg = Release|Any CPU
		{28AEE565-2A21-4442-B9FE-B4ED8F93CC65}.Release|Any CPU.Build.0 = Release|Any CPU
		{24C4D44E-77EE-490D-877E-6A6E24638FA2}.Debug|Any CPU.ActiveCfg = Debug|Any CPU
		{24C4D44E-77EE-490D-877E-6A6E24638FA2}.Debug|Any CPU.Build.0 = Debug|Any CPU
		{24C4D44E-77EE-490D-877E-6A6E24638FA2}.Release|Any CPU.ActiveCfg = Release|Any CPU
		{24C4D44E-77EE-490D-877E-6A6E24638FA2}.Release|Any CPU.Build.0 = Release|Any CPU
		{90FE98FA-4107-417F-B704-AC06E1813170}.Debug|Any CPU.ActiveCfg = Debug|Any CPU
		{90FE98FA-4107-417F-B704-AC06E1813170}.Debug|Any CPU.Build.0 = Debug|Any CPU
		{90FE98FA-4107-417F-B704-AC06E1813170}.Release|Any CPU.ActiveCfg = Release|Any CPU
		{90FE98FA-4107-417F-B704-AC06E1813170}.Release|Any CPU.Build.0 = Release|Any CPU
		{CE3483C9-0BE6-46D5-99D2-A142D4D70535}.Debug|Any CPU.ActiveCfg = Debug|Any CPU
		{CE3483C9-0BE6-46D5-99D2-A142D4D70535}.Debug|Any CPU.Build.0 = Debug|Any CPU
		{CE3483C9-0BE6-46D5-99D2-A142D4D70535}.Release|Any CPU.ActiveCfg = Release|Any CPU
		{CE3483C9-0BE6-46D5-99D2-A142D4D70535}.Release|Any CPU.Build.0 = Release|Any CPU
	EndGlobalSection
	GlobalSection(SolutionProperties) = preSolution
		HideSolutionNode = FALSE
	EndGlobalSection
	GlobalSection(ExtensibilityGlobals) = postSolution
		SolutionGuid = {D7C46ACE-2929-4120-AADD-A2B791F625A2}
	EndGlobalSection
EndGlobal
