
Microsoft Visual Studio Solution File, Format Version 12.00
# Visual Studio Version 16
VisualStudioVersion = 16.0.30406.217
MinimumVisualStudioVersion = 10.0.40219.1
Project("{9A19103F-16F7-4668-BE54-9A1E7A4F7556}") = "Lootbox", "Lootbox\Lootbox.csproj", "{8EAC5695-2DF2-4D7E-8B0B-9AF72C938560}"
EndProject
Project("{9A19103F-16F7-4668-BE54-9A1E7A4F7556}") = "Re-Volt", "Re-Volt\Re-Volt.csproj", "{1BD68F40-2EB5-4E50-B78E-44BE9777D081}"
EndProject
Project("{9A19103F-16F7-4668-BE54-9A1E7A4F7556}") = "Guild", "GuildSkeleton\Guild\Guild.csproj", "{E5BDFDE1-C18D-416B-9711-405394A040CB}"
EndProject
Global
	GlobalSection(SolutionConfigurationPlatforms) = preSolution
		Debug|Any CPU = Debug|Any CPU
		Release|Any CPU = Release|Any CPU
	EndGlobalSection
	GlobalSection(ProjectConfigurationPlatforms) = postSolution
		{8EAC5695-2DF2-4D7E-8B0B-9AF72C938560}.Debug|Any CPU.ActiveCfg = Debug|Any CPU
		{8EAC5695-2DF2-4D7E-8B0B-9AF72C938560}.Debug|Any CPU.Build.0 = Debug|Any CPU
		{8EAC5695-2DF2-4D7E-8B0B-9AF72C938560}.Release|Any CPU.ActiveCfg = Release|Any CPU
		{8EAC5695-2DF2-4D7E-8B0B-9AF72C938560}.Release|Any CPU.Build.0 = Release|Any CPU
		{1BD68F40-2EB5-4E50-B78E-44BE9777D081}.Debug|Any CPU.ActiveCfg = Debug|Any CPU
		{1BD68F40-2EB5-4E50-B78E-44BE9777D081}.Debug|Any CPU.Build.0 = Debug|Any CPU
		{1BD68F40-2EB5-4E50-B78E-44BE9777D081}.Release|Any CPU.ActiveCfg = Release|Any CPU
		{1BD68F40-2EB5-4E50-B78E-44BE9777D081}.Release|Any CPU.Build.0 = Release|Any CPU
		{E5BDFDE1-C18D-416B-9711-405394A040CB}.Debug|Any CPU.ActiveCfg = Debug|Any CPU
		{E5BDFDE1-C18D-416B-9711-405394A040CB}.Debug|Any CPU.Build.0 = Debug|Any CPU
		{E5BDFDE1-C18D-416B-9711-405394A040CB}.Release|Any CPU.ActiveCfg = Release|Any CPU
		{E5BDFDE1-C18D-416B-9711-405394A040CB}.Release|Any CPU.Build.0 = Release|Any CPU
	EndGlobalSection
	GlobalSection(SolutionProperties) = preSolution
		HideSolutionNode = FALSE
	EndGlobalSection
	GlobalSection(ExtensibilityGlobals) = postSolution
		SolutionGuid = {88BCA123-9B52-4BCA-A614-F88511F4B068}
	EndGlobalSection
EndGlobal
