
Microsoft Visual Studio Solution File, Format Version 12.00
# Visual Studio Version 16
VisualStudioVersion = 16.0.30309.148
MinimumVisualStudioVersion = 10.0.40219.1
Project("{FAE04EC0-301F-11D3-BF4B-00C04F79EFBC}") = "HelloSoftUni", "HelloSoftUni\HelloSoftUni.csproj", "{09022A9F-351A-46BB-AF2F-50EDB3E4F2D3}"
EndProject
Project("{FAE04EC0-301F-11D3-BF4B-00C04F79EFBC}") = "Expression", "Expression\Expression.csproj", "{2EDF07D8-A497-4717-B088-CABE6FFC45A3}"
EndProject
Project("{FAE04EC0-301F-11D3-BF4B-00C04F79EFBC}") = "NumbersFromOneToTen", "NumbersFromOneToTen\NumbersFromOneToTen.csproj", "{0DE9D03C-8F7A-4773-B48C-7C070401F754}"
EndProject
Project("{FAE04EC0-301F-11D3-BF4B-00C04F79EFBC}") = "RectangleArea", "RectangleArea\RectangleArea.csproj", "{047B9E9B-B74D-46A4-AD87-EADFC9453D4D}"
EndProject
Global
	GlobalSection(SolutionConfigurationPlatforms) = preSolution
		Debug|Any CPU = Debug|Any CPU
		Release|Any CPU = Release|Any CPU
	EndGlobalSection
	GlobalSection(ProjectConfigurationPlatforms) = postSolution
		{09022A9F-351A-46BB-AF2F-50EDB3E4F2D3}.Debug|Any CPU.ActiveCfg = Debug|Any CPU
		{09022A9F-351A-46BB-AF2F-50EDB3E4F2D3}.Debug|Any CPU.Build.0 = Debug|Any CPU
		{09022A9F-351A-46BB-AF2F-50EDB3E4F2D3}.Release|Any CPU.ActiveCfg = Release|Any CPU
		{09022A9F-351A-46BB-AF2F-50EDB3E4F2D3}.Release|Any CPU.Build.0 = Release|Any CPU
		{2EDF07D8-A497-4717-B088-CABE6FFC45A3}.Debug|Any CPU.ActiveCfg = Debug|Any CPU
		{2EDF07D8-A497-4717-B088-CABE6FFC45A3}.Debug|Any CPU.Build.0 = Debug|Any CPU
		{2EDF07D8-A497-4717-B088-CABE6FFC45A3}.Release|Any CPU.ActiveCfg = Release|Any CPU
		{2EDF07D8-A497-4717-B088-CABE6FFC45A3}.Release|Any CPU.Build.0 = Release|Any CPU
		{0DE9D03C-8F7A-4773-B48C-7C070401F754}.Debug|Any CPU.ActiveCfg = Debug|Any CPU
		{0DE9D03C-8F7A-4773-B48C-7C070401F754}.Debug|Any CPU.Build.0 = Debug|Any CPU
		{0DE9D03C-8F7A-4773-B48C-7C070401F754}.Release|Any CPU.ActiveCfg = Release|Any CPU
		{0DE9D03C-8F7A-4773-B48C-7C070401F754}.Release|Any CPU.Build.0 = Release|Any CPU
		{047B9E9B-B74D-46A4-AD87-EADFC9453D4D}.Debug|Any CPU.ActiveCfg = Debug|Any CPU
		{047B9E9B-B74D-46A4-AD87-EADFC9453D4D}.Debug|Any CPU.Build.0 = Debug|Any CPU
		{047B9E9B-B74D-46A4-AD87-EADFC9453D4D}.Release|Any CPU.ActiveCfg = Release|Any CPU
		{047B9E9B-B74D-46A4-AD87-EADFC9453D4D}.Release|Any CPU.Build.0 = Release|Any CPU
	EndGlobalSection
	GlobalSection(SolutionProperties) = preSolution
		HideSolutionNode = FALSE
	EndGlobalSection
	GlobalSection(ExtensibilityGlobals) = postSolution
		SolutionGuid = {83B3CEA6-0943-4E12-A4D5-B62CE0C1CCFF}
	EndGlobalSection
EndGlobal
