
Microsoft Visual Studio Solution File, Format Version 12.00
# Visual Studio Version 16
VisualStudioVersion = 16.0.30413.136
MinimumVisualStudioVersion = 10.0.40219.1
Project("{9A19103F-16F7-4668-BE54-9A1E7A4F7556}") = "DatingApp", "DatingApp\DatingApp.csproj", "{F777C254-9714-4A5B-98C8-D7CDCDAA5347}"
EndProject
Project("{9A19103F-16F7-4668-BE54-9A1E7A4F7556}") = "BookWorm", "BookWom2\BookWorm.csproj", "{4D5BB912-D04C-4E11-AD42-6DD4B30860AD}"
EndProject
Project("{9A19103F-16F7-4668-BE54-9A1E7A4F7556}") = "Rabbits", "Rabbits\Rabbits.csproj", "{4CF33088-8187-46EE-BF5A-8C5F057B8CC9}"
EndProject
Global
	GlobalSection(SolutionConfigurationPlatforms) = preSolution
		Debug|Any CPU = Debug|Any CPU
		Release|Any CPU = Release|Any CPU
	EndGlobalSection
	GlobalSection(ProjectConfigurationPlatforms) = postSolution
		{F777C254-9714-4A5B-98C8-D7CDCDAA5347}.Debug|Any CPU.ActiveCfg = Debug|Any CPU
		{F777C254-9714-4A5B-98C8-D7CDCDAA5347}.Debug|Any CPU.Build.0 = Debug|Any CPU
		{F777C254-9714-4A5B-98C8-D7CDCDAA5347}.Release|Any CPU.ActiveCfg = Release|Any CPU
		{F777C254-9714-4A5B-98C8-D7CDCDAA5347}.Release|Any CPU.Build.0 = Release|Any CPU
		{4D5BB912-D04C-4E11-AD42-6DD4B30860AD}.Debug|Any CPU.ActiveCfg = Debug|Any CPU
		{4D5BB912-D04C-4E11-AD42-6DD4B30860AD}.Debug|Any CPU.Build.0 = Debug|Any CPU
		{4D5BB912-D04C-4E11-AD42-6DD4B30860AD}.Release|Any CPU.ActiveCfg = Release|Any CPU
		{4D5BB912-D04C-4E11-AD42-6DD4B30860AD}.Release|Any CPU.Build.0 = Release|Any CPU
		{4CF33088-8187-46EE-BF5A-8C5F057B8CC9}.Debug|Any CPU.ActiveCfg = Debug|Any CPU
		{4CF33088-8187-46EE-BF5A-8C5F057B8CC9}.Debug|Any CPU.Build.0 = Debug|Any CPU
		{4CF33088-8187-46EE-BF5A-8C5F057B8CC9}.Release|Any CPU.ActiveCfg = Release|Any CPU
		{4CF33088-8187-46EE-BF5A-8C5F057B8CC9}.Release|Any CPU.Build.0 = Release|Any CPU
	EndGlobalSection
	GlobalSection(SolutionProperties) = preSolution
		HideSolutionNode = FALSE
	EndGlobalSection
	GlobalSection(ExtensibilityGlobals) = postSolution
		SolutionGuid = {86F77045-1D1B-4EB8-988C-0A02275F531B}
	EndGlobalSection
EndGlobal
